
Microsoft Visual Studio Solution File, Format Version 12.00
# Visual Studio Version 16
VisualStudioVersion = 16.0.30517.126
MinimumVisualStudioVersion = 10.0.40219.1
Project("{FAE04EC0-301F-11D3-BF4B-00C04F79EFBC}") = "Developer Tools", "Developer Tools.csproj", "{1627EED0-4021-4DFE-9BB0-A3D2176EA2BE}"
EndProject
Global
	GlobalSection(SolutionConfigurationPlatforms) = preSolution
		Debug|Any CPU = Debug|Any CPU
		Release|Any CPU = Release|Any CPU
	EndGlobalSection
	GlobalSection(ProjectConfigurationPlatforms) = postSolution
		{1627EED0-4021-4DFE-9BB0-A3D2176EA2BE}.Debug|Any CPU.ActiveCfg = Debug|Any CPU
		{1627EED0-4021-4DFE-9BB0-A3D2176EA2BE}.Debug|Any CPU.Build.0 = Debug|Any CPU
		{1627EED0-4021-4DFE-9BB0-A3D2176EA2BE}.Release|Any CPU.ActiveCfg = Release|Any CPU
		{1627EED0-4021-4DFE-9BB0-A3D2176EA2BE}.Release|Any CPU.Build.0 = Release|Any CPU
	EndGlobalSection
	GlobalSection(SolutionProperties) = preSolution
		HideSolutionNode = FALSE
	EndGlobalSection
	GlobalSection(ExtensibilityGlobals) = postSolution
		SolutionGuid = {DDB58FA5-0687-43C3-B3FB-B6BCA82530D6}
	EndGlobalSection
EndGlobal
